// !$*UTF8*$!
{
	archiveVersion = 1;
	classes = {
	};
	objectVersion = 46;
	objects = {

/* Begin PBXBuildFile section */
		388EDDFE1F17016D00BCD166 /* AppDelegate.swift in Sources */ = {isa = PBXBuildFile; fileRef = 388EDDFD1F17016D00BCD166 /* AppDelegate.swift */; };
		388EDE001F17016D00BCD166 /* ViewController.swift in Sources */ = {isa = PBXBuildFile; fileRef = 388EDDFF1F17016D00BCD166 /* ViewController.swift */; };
		388EDE031F17016D00BCD166 /* Main.storyboard in Resources */ = {isa = PBXBuildFile; fileRef = 388EDE011F17016D00BCD166 /* Main.storyboard */; };
		388EDE051F17016D00BCD166 /* Assets.xcassets in Resources */ = {isa = PBXBuildFile; fileRef = 388EDE041F17016D00BCD166 /* Assets.xcassets */; };
		388EDE081F17016D00BCD166 /* LaunchScreen.storyboard in Resources */ = {isa = PBXBuildFile; fileRef = 388EDE061F17016D00BCD166 /* LaunchScreen.storyboard */; };
/* End PBXBuildFile section */

/* Begin PBXFileReference section */
		388EDDFA1F17016D00BCD166 /* ConnectedColors.app */ = {isa = PBXFileReference; explicitFileType = wrapper.application; includeInIndex = 0; path = ConnectedColors.app; sourceTree = BUILT_PRODUCTS_DIR; };
		388EDDFD1F17016D00BCD166 /* AppDelegate.swift */ = {isa = PBXFileReference; lastKnownFileType = sourcecode.swift; path = AppDelegate.swift; sourceTree = "<group>"; };
		388EDDFF1F17016D00BCD166 /* ViewController.swift */ = {isa = PBXFileReference; lastKnownFileType = sourcecode.swift; path = ViewController.swift; sourceTree = "<group>"; };
		388EDE021F17016D00BCD166 /* Base */ = {isa = PBXFileReference; lastKnownFileType = file.storyboard; name = Base; path = Base.lproj/Main.storyboard; sourceTree = "<group>"; };
		388EDE041F17016D00BCD166 /* Assets.xcassets */ = {isa = PBXFileReference; lastKnownFileType = folder.assetcatalog; path = Assets.xcassets; sourceTree = "<group>"; };
		388EDE071F17016D00BCD166 /* Base */ = {isa = PBXFileReference; lastKnownFileType = file.storyboard; name = Base; path = Base.lproj/LaunchScreen.storyboard; sourceTree = "<group>"; };
		388EDE091F17016D00BCD166 /* Info.plist */ = {isa = PBXFileReference; lastKnownFileType = text.plist.xml; path = Info.plist; sourceTree = "<group>"; };
/* End PBXFileReference section */

/* Begin PBXFrameworksBuildPhase section */
		388EDDF71F17016D00BCD166 /* Frameworks */ = {
			isa = PBXFrameworksBuildPhase;
			buildActionMask = 2147483647;
			files = (
			);
			runOnlyForDeploymentPostprocessing = 0;
		};
/* End PBXFrameworksBuildPhase section */

/* Begin PBXGroup section */
		388EDDF11F17016D00BCD166 = {
			isa = PBXGroup;
			children = (
				388EDDFC1F17016D00BCD166 /* ConnectedColors */,
				388EDDFB1F17016D00BCD166 /* Products */,
			);
			sourceTree = "<group>";
		};
		388EDDFB1F17016D00BCD166 /* Products */ = {
			isa = PBXGroup;
			children = (
				388EDDFA1F17016D00BCD166 /* ConnectedColors.app */,
			);
			name = Products;
			sourceTree = "<group>";
		};
		388EDDFC1F17016D00BCD166 /* ConnectedColors */ = {
			isa = PBXGroup;
			children = (
				388EDDFD1F17016D00BCD166 /* AppDelegate.swift */,
				388EDDFF1F17016D00BCD166 /* ViewController.swift */,
				388EDE011F17016D00BCD166 /* Main.storyboard */,
				388EDE041F17016D00BCD166 /* Assets.xcassets */,
				388EDE061F17016D00BCD166 /* LaunchScreen.storyboard */,
				388EDE091F17016D00BCD166 /* Info.plist */,
			);
			path = ConnectedColors;
			sourceTree = "<group>";
		};
/* End PBXGroup section */

/* Begin PBXNativeTarget section */
		388EDDF91F17016D00BCD166 /* ConnectedColors */ = {
			isa = PBXNativeTarget;
			buildConfigurationList = 388EDE0C1F17016D00BCD166 /* Build configuration list for PBXNativeTarget "ConnectedColors" */;
			buildPhases = (
				388EDDF61F17016D00BCD166 /* Sources */,
				388EDDF71F17016D00BCD166 /* Frameworks */,
				388EDDF81F17016D00BCD166 /* Resources */,
			);
			buildRules = (
			);
			dependencies = (
			);
			name = ConnectedColors;
			productName = ConnectedColors;
			productReference = 388EDDFA1F17016D00BCD166 /* ConnectedColors.app */;
			productType = "com.apple.product-type.application";
		};
/* End PBXNativeTarget section */

/* Begin PBXProject section */
		388EDDF21F17016D00BCD166 /* Project object */ = {
			isa = PBXProject;
			attributes = {
				LastSwiftUpdateCheck = 0830;
				LastUpgradeCheck = 0830;
				ORGANIZATIONNAME = "Caelan Dailey";
				TargetAttributes = {
					388EDDF91F17016D00BCD166 = {
						CreatedOnToolsVersion = 8.3.3;
						DevelopmentTeam = N3VBXEQWW6;
						ProvisioningStyle = Automatic;
					};
				};
			};
			buildConfigurationList = 388EDDF51F17016D00BCD166 /* Build configuration list for PBXProject "ConnectedColors" */;
			compatibilityVersion = "Xcode 3.2";
			developmentRegion = English;
			hasScannedForEncodings = 0;
			knownRegions = (
				en,
				Base,
			);
			mainGroup = 388EDDF11F17016D00BCD166;
			productRefGroup = 388EDDFB1F17016D00BCD166 /* Products */;
			projectDirPath = "";
			projectRoot = "";
			targets = (
				388EDDF91F17016D00BCD166 /* ConnectedColors */,
			);
		};
/* End PBXProject section */

/* Begin PBXResourcesBuildPhase section */
		388EDDF81F17016D00BCD166 /* Resources */ = {
			isa = PBXResourcesBuildPhase;
			buildActionMask = 2147483647;
			files = (
				388EDE081F17016D00BCD166 /* LaunchScreen.storyboard in Resources */,
				388EDE051F17016D00BCD166 /* Assets.xcassets in Resources */,
				388EDE031F17016D00BCD166 /* Main.storyboard in Resources */,
			);
			runOnlyForDeploymentPostprocessing = 0;
		};
/* End PBXResourcesBuildPhase section */

/* Begin PBXSourcesBuildPhase section */
		388EDDF61F17016D00BCD166 /* Sources */ = {
			isa = PBXSourcesBuildPhase;
			buildActionMask = 2147483647;
			files = (
				388EDE001F17016D00BCD166 /* ViewController.swift in Sources */,
				388EDDFE1F17016D00BCD166 /* AppDelegate.swift in Sources */,
			);
			runOnlyForDeploymentPostprocessing = 0;
		};
/* End PBXSourcesBuildPhase section */

/* Begin PBXVariantGroup section */
		388EDE011F17016D00BCD166 /* Main.storyboard */ = {
			isa = PBXVariantGroup;
			children = (
				388EDE021F17016D00BCD166 /* Base */,
			);
			name = Main.storyboard;
			sourceTree = "<group>";
		};
		388EDE061F17016D00BCD166 /* LaunchScreen.storyboard */ = {
			isa = PBXVariantGroup;
			children = (
				388EDE071F17016D00BCD166 /* Base */,
			);
			name = LaunchScreen.storyboard;
			sourceTree = "<group>";
		};
/* End PBXVariantGroup section */

/* Begin XCBuildConfiguration section */
		388EDE0A1F17016D00BCD166 /* Debug */ = {
			isa = XCBuildConfiguration;
			buildSettings = {
				ALWAYS_SEARCH_USER_PATHS = NO;
				CLANG_ANALYZER_NONNULL = YES;
				CLANG_ANALYZER_NUMBER_OBJECT_CONVERSION = YES_AGGRESSIVE;
				CLANG_CXX_LANGUAGE_STANDARD = "gnu++0x";
				CLANG_CXX_LIBRARY = "libc++";
				CLANG_ENABLE_MODULES = YES;
				CLANG_ENABLE_OBJC_ARC = YES;
				CLANG_WARN_BOOL_CONVERSION = YES;
				CLANG_WARN_CONSTANT_CONVERSION = YES;
				CLANG_WARN_DIRECT_OBJC_ISA_USAGE = YES_ERROR;
				CLANG_WARN_DOCUMENTATION_COMMENTS = YES;
				CLANG_WARN_EMPTY_BODY = YES;
				CLANG_WARN_ENUM_CONVERSION = YES;
				CLANG_WARN_INFINITE_RECURSION = YES;
				CLANG_WARN_INT_CONVERSION = YES;
				CLANG_WARN_OBJC_ROOT_CLASS = YES_ERROR;
				CLANG_WARN_SUSPICIOUS_MOVE = YES;
				CLANG_WARN_UNREACHABLE_CODE = YES;
				CLANG_WARN__DUPLICATE_METHOD_MATCH = YES;
				"CODE_SIGN_IDENTITY[sdk=iphoneos*]" = "iPhone Developer";
				COPY_PHASE_STRIP = NO;
				DEBUG_INFORMATION_FORMAT = dwarf;
				ENABLE_STRICT_OBJC_MSGSEND = YES;
				ENABLE_TESTABILITY = YES;
				GCC_C_LANGUAGE_STANDARD = gnu99;
				GCC_DYNAMIC_NO_PIC = NO;
				GCC_NO_COMMON_BLOCKS = YES;
				GCC_OPTIMIZATION_LEVEL = 0;
				GCC_PREPROCESSOR_DEFINITIONS = (
					"DEBUG=1",
					"$(inherited)",
				);
				GCC_WARN_64_TO_32_BIT_CONVERSION = YES;
				GCC_WARN_ABOUT_RETURN_TYPE = YES_ERROR;
				GCC_WARN_UNDECLARED_SELECTOR = YES;
				GCC_WARN_UNINITIALIZED_AUTOS = YES_AGGRESSIVE;
				GCC_WARN_UNUSED_FUNCTION = YES;
				GCC_WARN_UNUSED_VARIABLE = YES;
				IPHONEOS_DEPLOYMENT_TARGET = 10.3;
				MTL_ENABLE_DEBUG_INFO = YES;
				ONLY_ACTIVE_ARCH = YES;
				SDKROOT = iphoneos;
				SWIFT_ACTIVE_COMPILATION_CONDITIONS = DEBUG;
				SWIFT_OPTIMIZATION_LEVEL = "-Onone";
			};
			name = Debug;
		};
		388EDE0B1F17016D00BCD166 /* Release */ = {
			isa = XCBuildConfiguration;
			buildSettings = {
				ALWAYS_SEARCH_USER_PATHS = NO;
				CLANG_ANALYZER_NONNULL = YES;
				CLANG_ANALYZER_NUMBER_OBJECT_CONVERSION = YES_AGGRESSIVE;
				CLANG_CXX_LANGUAGE_STANDARD = "gnu++0x";
				CLANG_CXX_LIBRARY = "libc++";
				CLANG_ENABLE_MODULES = YES;
				CLANG_ENABLE_OBJC_ARC = YES;
				CLANG_WARN_BOOL_CONVERSION = YES;
				CLANG_WARN_CONSTANT_CONVERSION = YES;
				CLANG_WARN_DIRECT_OBJC_ISA_USAGE = YES_ERROR;
				CLANG_WARN_DOCUMENTATION_COMMENTS = YES;
				CLANG_WARN_EMPTY_BODY = YES;
				CLANG_WARN_ENUM_CONVERSION = YES;
				CLANG_WARN_INFINITE_RECURSION = YES;
				CLANG_WARN_INT_CONVERSION = YES;
				CLANG_WARN_OBJC_ROOT_CLASS = YES_ERROR;
				CLANG_WARN_SUSPICIOUS_MOVE = YES;
				CLANG_WARN_UNREACHABLE_CODE = YES;
				CLANG_WARN__DUPLICATE_METHOD_MATCH = YES;
				"CODE_SIGN_IDENTITY[sdk=iphoneos*]" = "iPhone Developer";
				COPY_PHASE_STRIP = NO;
				DEBUG_INFORMATION_FORMAT = "dwarf-with-dsym";
				ENABLE_NS_ASSERTIONS = NO;
				ENABLE_STRICT_OBJC_MSGSEND = YES;
				GCC_C_LANGUAGE_STANDARD = gnu99;
				GCC_NO_COMMON_BLOCKS = YES;
				GCC_WARN_64_TO_32_BIT_CONVERSION = YES;
				GCC_WARN_ABOUT_RETURN_TYPE = YES_ERROR;
				GCC_WARN_UNDECLARED_SELECTOR = YES;
				GCC_WARN_UNINITIALIZED_AUTOS = YES_AGGRESSIVE;
				GCC_WARN_UNUSED_FUNCTION = YES;
				GCC_WARN_UNUSED_VARIABLE = YES;
				IPHONEOS_DEPLOYMENT_TARGET = 10.3;
				MTL_ENABLE_DEBUG_INFO = NO;
				SDKROOT = iphoneos;
				SWIFT_OPTIMIZATION_LEVEL = "-Owholemodule";
				VALIDATE_PRODUCT = YES;
			};
			name = Release;
		};
		388EDE0D1F17016D00BCD166 /* Debug */ = {
			isa = XCBuildConfiguration;
			buildSettings = {
				ASSETCATALOG_COMPILER_APPICON_NAME = AppIcon;
				DEVELOPMENT_TEAM = N3VBXEQWW6;
				INFOPLIST_FILE = ConnectedColors/Info.plist;
				LD_RUNPATH_SEARCH_PATHS = "$(inherited) @executable_path/Frameworks";
				PRODUCT_BUNDLE_IDENTIFIER = csd.ConnectedColors;
				PRODUCT_NAME = "$(TARGET_NAME)";
				SWIFT_VERSION = 3.0;
			};
			name = Debug;
		};
		388EDE0E1F17016D00BCD166 /* Release */ = {
			isa = XCBuildConfiguration;
			buildSettings = {
				ASSETCATALOG_COMPILER_APPICON_NAME = AppIcon;
				DEVELOPMENT_TEAM = N3VBXEQWW6;
				INFOPLIST_FILE = ConnectedColors/Info.plist;
				LD_RUNPATH_SEARCH_PATHS = "$(inherited) @executable_path/Frameworks";
				PRODUCT_BUNDLE_IDENTIFIER = csd.ConnectedColors;
				PRODUCT_NAME = "$(TARGET_NAME)";
				SWIFT_VERSION = 3.0;
			};
			name = Release;
		};
/* End XCBuildConfiguration section */

/* Begin XCConfigurationList section */
		388EDDF51F17016D00BCD166 /* Build configuration list for PBXProject "ConnectedColors" */ = {
			isa = XCConfigurationList;
			buildConfigurations = (
				388EDE0A1F17016D00BCD166 /* Debug */,
				388EDE0B1F17016D00BCD166 /* Release */,
			);
			defaultConfigurationIsVisible = 0;
			defaultConfigurationName = Release;
		};
		388EDE0C1F17016D00BCD166 /* Build configuration list for PBXNativeTarget "ConnectedColors" */ = {
			isa = XCConfigurationList;
			buildConfigurations = (
				388EDE0D1F17016D00BCD166 /* Debug */,
				388EDE0E1F17016D00BCD166 /* Release */,
			);
			defaultConfigurationIsVisible = 0;
		};
/* End XCConfigurationList section */
	};
	rootObject = 388EDDF21F17016D00BCD166 /* Project object */;
}
